// !$*UTF8*$!
{
	archiveVersion = 1;
	classes = {
	};
	objectVersion = 46;
	objects = {

/* Begin PBXFileReference section */
		554C98E3190858680024B2A5 /* adb.c */ = {isa = PBXFileReference; lastKnownFileType = sourcecode.c.c; path = adb.c; sourceTree = "<group>"; };
		554C98E4190858680024B2A5 /* atrap_tab.c */ = {isa = PBXFileReference; lastKnownFileType = sourcecode.c.c; path = atrap_tab.c; sourceTree = "<group>"; };
		554C98E5190858680024B2A5 /* coff.c */ = {isa = PBXFileReference; lastKnownFileType = sourcecode.c.c; path = coff.c; sourceTree = "<group>"; };
		554C98E6190858680024B2A5 /* coff.h */ = {isa = PBXFileReference; lastKnownFileType = sourcecode.c.h; path = coff.h; sourceTree = "<group>"; };
		554C98E7190858680024B2A5 /* core_api.c */ = {isa = PBXFileReference; lastKnownFileType = sourcecode.c.c; path = core_api.c; sourceTree = "<group>"; };
		554C98E8190858680024B2A5 /* core_api.h */ = {isa = PBXFileReference; lastKnownFileType = sourcecode.c.h; path = core_api.h; sourceTree = "<group>"; };
		554C98E9190858680024B2A5 /* cpu.c */ = {isa = PBXFileReference; lastKnownFileType = sourcecode.c.c; path = cpu.c; sourceTree = "<group>"; };
		554C98EA190858680024B2A5 /* debug_server.c */ = {isa = PBXFileReference; lastKnownFileType = sourcecode.c.c; path = debug_server.c; sourceTree = "<group>"; };
		554C98EB190858680024B2A5 /* decoder_gen.c */ = {isa = PBXFileReference; lastKnownFileType = sourcecode.c.c; path = decoder_gen.c; sourceTree = "<group>"; };
		554C98EC190858680024B2A5 /* dis.c */ = {isa = PBXFileReference; lastKnownFileType = sourcecode.c.c; path = dis.c; sourceTree = "<group>"; };
		554C98ED190858680024B2A5 /* exception.c */ = {isa = PBXFileReference; lastKnownFileType = sourcecode.c.c; path = exception.c; sourceTree = "<group>"; };
		554C98EE190858680024B2A5 /* filesystem.c */ = {isa = PBXFileReference; lastKnownFileType = sourcecode.c.c; path = filesystem.c; sourceTree = "<group>"; };
		554C98EF190858680024B2A5 /* floppy.c */ = {isa = PBXFileReference; lastKnownFileType = sourcecode.c.c; path = floppy.c; sourceTree = "<group>"; };
		554C98F0190858680024B2A5 /* fpu.c */ = {isa = PBXFileReference; lastKnownFileType = sourcecode.c.c; path = fpu.c; sourceTree = "<group>"; };
		554C98F1190858680024B2A5 /* macii_symbols.c */ = {isa = PBXFileReference; lastKnownFileType = sourcecode.c.c; path = macii_symbols.c; sourceTree = "<group>"; };
		554C98F2190858680024B2A5 /* macro.pl */ = {isa = PBXFileReference; lastKnownFileType = text.script.perl; path = macro.pl; sourceTree = "<group>"; };
		554C98F3190858680024B2A5 /* Makefile */ = {isa = PBXFileReference; lastKnownFileType = sourcecode.make; path = Makefile; sourceTree = "<group>"; };
		554C98F4190858680024B2A5 /* mc68851.c */ = {isa = PBXFileReference; lastKnownFileType = sourcecode.c.c; path = mc68851.c; sourceTree = "<group>"; };
		554C98F5190858680024B2A5 /* mc68851.h */ = {isa = PBXFileReference; lastKnownFileType = sourcecode.c.h; path = mc68851.h; sourceTree = "<group>"; };
		554C98F6190858680024B2A5 /* mem.c */ = {isa = PBXFileReference; lastKnownFileType = sourcecode.c.c; path = mem.c; sourceTree = "<group>"; };
		554C98F7190858680024B2A5 /* old_debugger.c */ = {isa = PBXFileReference; lastKnownFileType = sourcecode.c.c; path = old_debugger.c; sourceTree = "<group>"; };
		554C98F8190858680024B2A5 /* redblack.c */ = {isa = PBXFileReference; lastKnownFileType = sourcecode.c.c; path = redblack.c; sourceTree = "<group>"; };
		554C98F9190858680024B2A5 /* redblack.h */ = {isa = PBXFileReference; lastKnownFileType = sourcecode.c.h; path = redblack.h; sourceTree = "<group>"; };
		554C98FA190858680024B2A5 /* scsi.c */ = {isa = PBXFileReference; lastKnownFileType = sourcecode.c.c; path = scsi.c; sourceTree = "<group>"; };
		554C98FB190858680024B2A5 /* shoebill.h */ = {isa = PBXFileReference; lastKnownFileType = sourcecode.c.h; path = shoebill.h; sourceTree = "<group>"; };
		554C98FC190858680024B2A5 /* toby_frame_buffer.c */ = {isa = PBXFileReference; lastKnownFileType = sourcecode.c.c; path = toby_frame_buffer.c; sourceTree = "<group>"; };
		554C98FD190858680024B2A5 /* via.c */ = {isa = PBXFileReference; lastKnownFileType = sourcecode.c.c; path = via.c; sourceTree = "<group>"; };
		554C98FE190858680024B2A5 /* video.c */ = {isa = PBXFileReference; lastKnownFileType = sourcecode.c.c; path = video.c; sourceTree = "<group>"; };
		554C98FF190858680024B2A5 /* video_rom */ = {isa = PBXFileReference; lastKnownFileType = folder; path = video_rom; sourceTree = "<group>"; };
/* End PBXFileReference section */

/* Begin PBXGroup section */
		554C98DC190858680024B2A5 = {
			isa = PBXGroup;
			children = (
				554C98E3190858680024B2A5 /* adb.c */,
				554C98E4190858680024B2A5 /* atrap_tab.c */,
				554C98E5190858680024B2A5 /* coff.c */,
				554C98E6190858680024B2A5 /* coff.h */,
				554C98E7190858680024B2A5 /* core_api.c */,
				554C98E8190858680024B2A5 /* core_api.h */,
				554C98E9190858680024B2A5 /* cpu.c */,
				554C98EA190858680024B2A5 /* debug_server.c */,
				554C98EB190858680024B2A5 /* decoder_gen.c */,
				554C98EC190858680024B2A5 /* dis.c */,
				554C98ED190858680024B2A5 /* exception.c */,
				554C98EE190858680024B2A5 /* filesystem.c */,
				554C98EF190858680024B2A5 /* floppy.c */,
				554C98F0190858680024B2A5 /* fpu.c */,
				554C98F1190858680024B2A5 /* macii_symbols.c */,
				554C98F2190858680024B2A5 /* macro.pl */,
				554C98F3190858680024B2A5 /* Makefile */,
				554C98F4190858680024B2A5 /* mc68851.c */,
				554C98F5190858680024B2A5 /* mc68851.h */,
				554C98F6190858680024B2A5 /* mem.c */,
				554C98F7190858680024B2A5 /* old_debugger.c */,
				554C98F8190858680024B2A5 /* redblack.c */,
				554C98F9190858680024B2A5 /* redblack.h */,
				554C98FA190858680024B2A5 /* scsi.c */,
				554C98FB190858680024B2A5 /* shoebill.h */,
				554C98FC190858680024B2A5 /* toby_frame_buffer.c */,
				554C98FD190858680024B2A5 /* via.c */,
				554C98FE190858680024B2A5 /* video.c */,
				554C98FF190858680024B2A5 /* video_rom */,
			);
			sourceTree = "<group>";
		};
/* End PBXGroup section */

/* Begin PBXLegacyTarget section */
		554C98E1190858680024B2A5 /* core */ = {
			isa = PBXLegacyTarget;
			buildArgumentsString = "$(ACTION)";
			buildConfigurationList = 554C9900190858680024B2A5 /* Build configuration list for PBXLegacyTarget "core" */;
			buildPhases = (
			);
			buildToolPath = /usr/bin/make;
			buildWorkingDirectory = /Users/cwbetts/makestuff/Shoebill/core;
			dependencies = (
			);
			name = core;
			passBuildSettingsInEnvironment = 1;
			productName = core;
		};
/* End PBXLegacyTarget section */

/* Begin PBXProject section */
		554C98DD190858680024B2A5 /* Project object */ = {
			isa = PBXProject;
			attributes = {
				LastUpgradeCheck = 0510;
			};
			buildConfigurationList = 554C98E0190858680024B2A5 /* Build configuration list for PBXProject "core" */;
			compatibilityVersion = "Xcode 3.2";
			developmentRegion = English;
			hasScannedForEncodings = 0;
			knownRegions = (
				en,
			);
			mainGroup = 554C98DC190858680024B2A5;
			projectDirPath = "";
			projectRoot = "";
			targets = (
				554C98E1190858680024B2A5 /* core */,
			);
		};
/* End PBXProject section */

/* Begin XCBuildConfiguration section */
		554C98DE190858680024B2A5 /* Debug */ = {
			isa = XCBuildConfiguration;
			buildSettings = {
				ARCHS = "$(ARCHS_STANDARD_32_64_BIT)";
				COPY_PHASE_STRIP = NO;
				GCC_WARN_ABOUT_RETURN_TYPE = YES;
				GCC_WARN_UNUSED_VARIABLE = YES;
				MACOSX_DEPLOYMENT_TARGET = 10.8;
				ONLY_ACTIVE_ARCH = YES;
				SDKROOT = macosx;
				VALID_ARCHS = "x86_64 i386";
			};
			name = Debug;
		};
		554C98DF190858680024B2A5 /* Release */ = {
			isa = XCBuildConfiguration;
			buildSettings = {
				ARCHS = "$(ARCHS_STANDARD_32_64_BIT)";
				COPY_PHASE_STRIP = YES;
				GCC_WARN_ABOUT_RETURN_TYPE = YES;
				GCC_WARN_UNUSED_VARIABLE = YES;
				MACOSX_DEPLOYMENT_TARGET = 10.8;
				SDKROOT = macosx;
				VALID_ARCHS = "x86_64 i386";
			};
			name = Release;
		};
		554C9901190858680024B2A5 /* Debug */ = {
			isa = XCBuildConfiguration;
			buildSettings = {
				COPY_PHASE_STRIP = NO;
				DEBUGGING_SYMBOLS = YES;
				GCC_DYNAMIC_NO_PIC = NO;
				GCC_ENABLE_FIX_AND_CONTINUE = YES;
				GCC_GENERATE_DEBUGGING_SYMBOLS = YES;
				GCC_OPTIMIZATION_LEVEL = 0;
				OTHER_CFLAGS = "";
				OTHER_LDFLAGS = "";
				PRODUCT_NAME = core;
			};
			name = Debug;
		};
		554C9902190858680024B2A5 /* Release */ = {
			isa = XCBuildConfiguration;
			buildSettings = {
				COPY_PHASE_STRIP = YES;
				DEBUG_INFORMATION_FORMAT = "dwarf-with-dsym";
				GCC_ENABLE_FIX_AND_CONTINUE = NO;
				OTHER_CFLAGS = "";
				OTHER_LDFLAGS = "";
				PRODUCT_NAME = core;
			};
			name = Release;
		};
/* End XCBuildConfiguration section */

/* Begin XCConfigurationList section */
		554C98E0190858680024B2A5 /* Build configuration list for PBXProject "core" */ = {
			isa = XCConfigurationList;
			buildConfigurations = (
				554C98DE190858680024B2A5 /* Debug */,
				554C98DF190858680024B2A5 /* Release */,
			);
			defaultConfigurationIsVisible = 0;
			defaultConfigurationName = Release;
		};
		554C9900190858680024B2A5 /* Build configuration list for PBXLegacyTarget "core" */ = {
			isa = XCConfigurationList;
			buildConfigurations = (
				554C9901190858680024B2A5 /* Debug */,
				554C9902190858680024B2A5 /* Release */,
			);
			defaultConfigurationIsVisible = 0;
			defaultConfigurationName = Release;
		};
/* End XCConfigurationList section */
	};
	rootObject = 554C98DD190858680024B2A5 /* Project object */;
}
